// !$*UTF8*$!
{
	archiveVersion = 1;
	classes = {
	};
	objectVersion = 46;
	objects = {

/* Begin PBXBuildFile section */
		3A1016C51D5417AD006C5E93 /* AppDelegate.swift in Sources */ = {isa = PBXBuildFile; fileRef = 3A1016C41D5417AD006C5E93 /* AppDelegate.swift */; };
		3A1016C71D5417AD006C5E93 /* StatusViewController.swift in Sources */ = {isa = PBXBuildFile; fileRef = 3A1016C61D5417AD006C5E93 /* StatusViewController.swift */; };
		3A1016C91D5417AD006C5E93 /* DashboardViewController.swift in Sources */ = {isa = PBXBuildFile; fileRef = 3A1016C81D5417AD006C5E93 /* DashboardViewController.swift */; };
		3A1016CC1D5417AD006C5E93 /* Main.storyboard in Resources */ = {isa = PBXBuildFile; fileRef = 3A1016CA1D5417AD006C5E93 /* Main.storyboard */; };
		3A1016CE1D5417AD006C5E93 /* Assets.xcassets in Resources */ = {isa = PBXBuildFile; fileRef = 3A1016CD1D5417AD006C5E93 /* Assets.xcassets */; };
		3A1016D11D5417AD006C5E93 /* LaunchScreen.storyboard in Resources */ = {isa = PBXBuildFile; fileRef = 3A1016CF1D5417AD006C5E93 /* LaunchScreen.storyboard */; };
		3ABA7F5B1D88FB2700D75846 /* modalSettingsView.swift in Sources */ = {isa = PBXBuildFile; fileRef = 3ABA7F5A1D88FB2700D75846 /* modalSettingsView.swift */; };
		3AE7C0AF1D9C0CF1001E92A4 /* adjectives.txt in Resources */ = {isa = PBXBuildFile; fileRef = 3AE7C0AE1D9C0CF1001E92A4 /* adjectives.txt */; };
		3AE7C0B11D9C0CF6001E92A4 /* nouns.txt in Resources */ = {isa = PBXBuildFile; fileRef = 3AE7C0B01D9C0CF6001E92A4 /* nouns.txt */; };
		3AE834451D5ED054003FD370 /* SendCanViewController.swift in Sources */ = {isa = PBXBuildFile; fileRef = 3AE834421D5ED054003FD370 /* SendCanViewController.swift */; };
		3AE834461D5ED054003FD370 /* DiagViewController.swift in Sources */ = {isa = PBXBuildFile; fileRef = 3AE834431D5ED054003FD370 /* DiagViewController.swift */; };
		3AE834471D5ED054003FD370 /* CanViewController.swift in Sources */ = {isa = PBXBuildFile; fileRef = 3AE834441D5ED054003FD370 /* CanViewController.swift */; };
		7D17BF5720105CBB00F176D8 /* CommandViewControllerTest.swift in Sources */ = {isa = PBXBuildFile; fileRef = 7D17BF5620105CBB00F176D8 /* CommandViewControllerTest.swift */; };
		7D17BF5B20107F5A00F176D8 /* StatusViewControllerTest.swift in Sources */ = {isa = PBXBuildFile; fileRef = 7D17BF5A20107F5A00F176D8 /* StatusViewControllerTest.swift */; };
		7D33AE312019E71100224782 /* openXCiOSFramework.framework in Frameworks */ = {isa = PBXBuildFile; fileRef = 7D33AE2F2019E71000224782 /* openXCiOSFramework.framework */; };
		7D37A6B6201EF4B200734F55 /* CommandsViewController.swift in Sources */ = {isa = PBXBuildFile; fileRef = 7D37A6B5201EF4B200734F55 /* CommandsViewController.swift */; };
		7D83F8672017172C00E989D1 /* AlertHandling.swift in Sources */ = {isa = PBXBuildFile; fileRef = 7D83F8662017172C00E989D1 /* AlertHandling.swift */; };
		7D83F86C2017389500E989D1 /* Utility.swift in Sources */ = {isa = PBXBuildFile; fileRef = 7D83F86B2017389500E989D1 /* Utility.swift */; };
		7DB633E91F9F247100519A8B /* openXCiOSFramework.framework in Frameworks */ = {isa = PBXBuildFile; fileRef = E79901C31E3F5AFD00FB0579 /* openXCiOSFramework.framework */; };
		7DB633EA1F9F247100519A8B /* openXCiOSFramework.framework in Embed Frameworks */ = {isa = PBXBuildFile; fileRef = E79901C31E3F5AFD00FB0579 /* openXCiOSFramework.framework */; settings = {ATTRIBUTES = (CodeSignOnCopy, RemoveHeadersOnCopy, ); }; };
		7DCC147820063C8B00DF5794 /* ProtocolBuffers.framework in Frameworks */ = {isa = PBXBuildFile; fileRef = 7D4692D51FDFE5210022DF98 /* ProtocolBuffers.framework */; };
		7DCC147920063C8B00DF5794 /* ProtocolBuffers.framework in Embed Frameworks */ = {isa = PBXBuildFile; fileRef = 7D4692D51FDFE5210022DF98 /* ProtocolBuffers.framework */; settings = {ATTRIBUTES = (CodeSignOnCopy, RemoveHeadersOnCopy, ); }; };
		7DF339E6200F148E00935D96 /* openXCiOSFramework.framework in Frameworks */ = {isa = PBXBuildFile; fileRef = 7DF339E4200F148E00935D96 /* openXCiOSFramework.framework */; };
		E75EE6931E110ED400B2AE3B /* openXCenablerTests.swift in Sources */ = {isa = PBXBuildFile; fileRef = E75EE6921E110ED400B2AE3B /* openXCenablerTests.swift */; };
		E78190A81ECC5B9000DE3B18 /* ProtocolBuffers.framework in Frameworks */ = {isa = PBXBuildFile; fileRef = E7B85B511ECC373500A3E5CB /* ProtocolBuffers.framework */; };
/* End PBXBuildFile section */

/* Begin PBXContainerItemProxy section */
		7DB633EB1F9F247100519A8B /* PBXContainerItemProxy */ = {
			isa = PBXContainerItemProxy;
			containerPortal = E79901BC1E3F5AFD00FB0579 /* openxc-ios-framework.xcodeproj */;
			proxyType = 1;
			remoteGlobalIDString = 3A1017051D5941C8006C5E93;
			remoteInfo = "openxc-ios-framework";
		};
		E75EE6951E110ED400B2AE3B /* PBXContainerItemProxy */ = {
			isa = PBXContainerItemProxy;
			containerPortal = 3A1016B91D5417AD006C5E93 /* Project object */;
			proxyType = 1;
			remoteGlobalIDString = 3A1016C01D5417AD006C5E93;
			remoteInfo = openXCenabler;
		};
		E79901C21E3F5AFD00FB0579 /* PBXContainerItemProxy */ = {
			isa = PBXContainerItemProxy;
			containerPortal = E79901BC1E3F5AFD00FB0579 /* openxc-ios-framework.xcodeproj */;
			proxyType = 2;
			remoteGlobalIDString = 3A1017061D5941C8006C5E93;
			remoteInfo = "openxc-ios-framework";
		};
		E79901C41E3F5AFD00FB0579 /* PBXContainerItemProxy */ = {
			isa = PBXContainerItemProxy;
			containerPortal = E79901BC1E3F5AFD00FB0579 /* openxc-ios-framework.xcodeproj */;
			proxyType = 2;
			remoteGlobalIDString = E7C63D391DDC56BB00EE9790;
			remoteInfo = openXCiOSFrameworkTests;
		};
/* End PBXContainerItemProxy section */

/* Begin PBXCopyFilesBuildPhase section */
		7DB633ED1F9F247100519A8B /* Embed Frameworks */ = {
			isa = PBXCopyFilesBuildPhase;
			buildActionMask = 2147483647;
			dstPath = "";
			dstSubfolderSpec = 10;
			files = (
				7DB633EA1F9F247100519A8B /* openXCiOSFramework.framework in Embed Frameworks */,
				7DCC147920063C8B00DF5794 /* ProtocolBuffers.framework in Embed Frameworks */,
			);
			name = "Embed Frameworks";
			runOnlyForDeploymentPostprocessing = 0;
		};
/* End PBXCopyFilesBuildPhase section */

/* Begin PBXFileReference section */
		3A1016C11D5417AD006C5E93 /* openXCenabler.app */ = {isa = PBXFileReference; explicitFileType = wrapper.application; includeInIndex = 0; path = openXCenabler.app; sourceTree = BUILT_PRODUCTS_DIR; };
		3A1016C41D5417AD006C5E93 /* AppDelegate.swift */ = {isa = PBXFileReference; lastKnownFileType = sourcecode.swift; path = AppDelegate.swift; sourceTree = "<group>"; };
		3A1016C61D5417AD006C5E93 /* StatusViewController.swift */ = {isa = PBXFileReference; lastKnownFileType = sourcecode.swift; path = StatusViewController.swift; sourceTree = "<group>"; };
		3A1016C81D5417AD006C5E93 /* DashboardViewController.swift */ = {isa = PBXFileReference; lastKnownFileType = sourcecode.swift; path = DashboardViewController.swift; sourceTree = "<group>"; };
		3A1016CB1D5417AD006C5E93 /* Base */ = {isa = PBXFileReference; lastKnownFileType = file.storyboard; name = Base; path = Base.lproj/Main.storyboard; sourceTree = "<group>"; };
		3A1016CD1D5417AD006C5E93 /* Assets.xcassets */ = {isa = PBXFileReference; lastKnownFileType = folder.assetcatalog; path = Assets.xcassets; sourceTree = "<group>"; };
		3A1016D01D5417AD006C5E93 /* Base */ = {isa = PBXFileReference; lastKnownFileType = file.storyboard; name = Base; path = Base.lproj/LaunchScreen.storyboard; sourceTree = "<group>"; };
		3A1016D21D5417AD006C5E93 /* Info.plist */ = {isa = PBXFileReference; lastKnownFileType = text.plist.xml; path = Info.plist; sourceTree = "<group>"; };
		3ABA7F5A1D88FB2700D75846 /* modalSettingsView.swift */ = {isa = PBXFileReference; fileEncoding = 4; lastKnownFileType = sourcecode.swift; path = modalSettingsView.swift; sourceTree = "<group>"; };
		3AE7C0AE1D9C0CF1001E92A4 /* adjectives.txt */ = {isa = PBXFileReference; fileEncoding = 4; lastKnownFileType = text; path = adjectives.txt; sourceTree = "<group>"; };
		3AE7C0B01D9C0CF6001E92A4 /* nouns.txt */ = {isa = PBXFileReference; fileEncoding = 4; lastKnownFileType = text; path = nouns.txt; sourceTree = "<group>"; };
		3AE834421D5ED054003FD370 /* SendCanViewController.swift */ = {isa = PBXFileReference; fileEncoding = 4; lastKnownFileType = sourcecode.swift; path = SendCanViewController.swift; sourceTree = "<group>"; };
		3AE834431D5ED054003FD370 /* DiagViewController.swift */ = {isa = PBXFileReference; fileEncoding = 4; lastKnownFileType = sourcecode.swift; path = DiagViewController.swift; sourceTree = "<group>"; };
		3AE834441D5ED054003FD370 /* CanViewController.swift */ = {isa = PBXFileReference; fileEncoding = 4; lastKnownFileType = sourcecode.swift; path = CanViewController.swift; sourceTree = "<group>"; };
		7D17BF5620105CBB00F176D8 /* CommandViewControllerTest.swift */ = {isa = PBXFileReference; lastKnownFileType = sourcecode.swift; path = CommandViewControllerTest.swift; sourceTree = "<group>"; };
		7D17BF5A20107F5A00F176D8 /* StatusViewControllerTest.swift */ = {isa = PBXFileReference; lastKnownFileType = sourcecode.swift; path = StatusViewControllerTest.swift; sourceTree = "<group>"; };
		7D4692D51FDFE5210022DF98 /* ProtocolBuffers.framework */ = {isa = PBXFileReference; explicitFileType = wrapper.framework; path = ProtocolBuffers.framework; sourceTree = BUILT_PRODUCTS_DIR; };
		7D33AE2F2019E71000224782 /* openXCiOSFramework.framework */ = {isa = PBXFileReference; lastKnownFileType = wrapper.framework; name = openXCiOSFramework.framework; path = "../../../Library/Developer/Xcode/DerivedData/openXCenabler-aqgcinribrasdxdcauflwrtjddga/Build/Products/Debug-iphonesimulator/openXCiOSFramework.framework"; sourceTree = "<group>"; };
		7D37A6B5201EF4B200734F55 /* CommandsViewController.swift */ = {isa = PBXFileReference; fileEncoding = 4; lastKnownFileType = sourcecode.swift; path = CommandsViewController.swift; sourceTree = "<group>"; };
		7D4692D51FDFE5210022DF98 /* ProtocolBuffers.framework */ = {isa = PBXFileReference; explicitFileType = wrapper.framework; path = ProtocolBuffers.framework; sourceTree = BUILT_PRODUCTS_DIR; };
		7D83F8662017172C00E989D1 /* AlertHandling.swift */ = {isa = PBXFileReference; lastKnownFileType = sourcecode.swift; path = AlertHandling.swift; sourceTree = "<group>"; };
		7D83F86B2017389500E989D1 /* Utility.swift */ = {isa = PBXFileReference; lastKnownFileType = sourcecode.swift; path = Utility.swift; sourceTree = "<group>"; };
		7DF339E4200F148E00935D96 /* openXCiOSFramework.framework */ = {isa = PBXFileReference; lastKnownFileType = wrapper.framework; name = openXCiOSFramework.framework; path = ../../../Desktop/openXCiOSFramework.framework; sourceTree = "<group>"; };
		E75EE6901E110ED400B2AE3B /* openXCenablerTests.xctest */ = {isa = PBXFileReference; explicitFileType = wrapper.cfbundle; includeInIndex = 0; path = openXCenablerTests.xctest; sourceTree = BUILT_PRODUCTS_DIR; };
		E75EE6921E110ED400B2AE3B /* openXCenablerTests.swift */ = {isa = PBXFileReference; lastKnownFileType = sourcecode.swift; path = openXCenablerTests.swift; sourceTree = "<group>"; };
		E75EE6941E110ED400B2AE3B /* Info.plist */ = {isa = PBXFileReference; lastKnownFileType = text.plist.xml; path = Info.plist; sourceTree = "<group>"; };
		E79901BC1E3F5AFD00FB0579 /* openxc-ios-framework.xcodeproj */ = {isa = PBXFileReference; lastKnownFileType = "wrapper.pb-project"; name = "openxc-ios-framework.xcodeproj"; path = "openxc-ios-framework/openxc-ios-framework.xcodeproj"; sourceTree = "<group>"; };
		E7B85B511ECC373500A3E5CB /* ProtocolBuffers.framework */ = {isa = PBXFileReference; lastKnownFileType = wrapper.framework; name = ProtocolBuffers.framework; path = "../../Library/Developer/Xcode/DerivedData/openXCenabler-dtbvzqnttfvvgiadwizgfuibvfzo/Build/Products/Debug-iphonesimulator/ProtocolBuffers.framework"; sourceTree = "<group>"; };
/* End PBXFileReference section */

/* Begin PBXFrameworksBuildPhase section */
		3A1016BE1D5417AD006C5E93 /* Frameworks */ = {
			isa = PBXFrameworksBuildPhase;
			buildActionMask = 2147483647;
			files = (

				7DCC147820063C8B00DF5794 /* ProtocolBuffers.framework in Frameworks */,
				E78190A81ECC5B9000DE3B18 /* ProtocolBuffers.framework in Frameworks */,
				7D33AE312019E71100224782 /* openXCiOSFramework.framework in Frameworks */,
				7DB633E91F9F247100519A8B /* openXCiOSFramework.framework in Frameworks */,
			);
			runOnlyForDeploymentPostprocessing = 0;
		};
		E75EE68D1E110ED400B2AE3B /* Frameworks */ = {
			isa = PBXFrameworksBuildPhase;
			buildActionMask = 2147483647;
			files = (
			);
			runOnlyForDeploymentPostprocessing = 0;
		};
/* End PBXFrameworksBuildPhase section */

/* Begin PBXGroup section */
		3A1016B81D5417AD006C5E93 = {
			isa = PBXGroup;
			children = (
				7D4692D51FDFE5210022DF98 /* ProtocolBuffers.framework */,
				E79901BC1E3F5AFD00FB0579 /* openxc-ios-framework.xcodeproj */,
				3A1016C31D5417AD006C5E93 /* openXCenabler */,
				E75EE6911E110ED400B2AE3B /* openXCenablerTests */,
				3A1016C21D5417AD006C5E93 /* Products */,
				E7E886661E4B038A0090B55E /* Frameworks */,
			);
			sourceTree = "<group>";
		};
		3A1016C21D5417AD006C5E93 /* Products */ = {
			isa = PBXGroup;
			children = (
				3A1016C11D5417AD006C5E93 /* openXCenabler.app */,
				E75EE6901E110ED400B2AE3B /* openXCenablerTests.xctest */,
			);
			name = Products;
			sourceTree = "<group>";
		};
		3A1016C31D5417AD006C5E93 /* openXCenabler */ = {
			isa = PBXGroup;
			children = (
				7D37A6B5201EF4B200734F55 /* CommandsViewController.swift */,
				3AE834421D5ED054003FD370 /* SendCanViewController.swift */,
				3AE834431D5ED054003FD370 /* DiagViewController.swift */,
				3AE834441D5ED054003FD370 /* CanViewController.swift */,
				3A1016C41D5417AD006C5E93 /* AppDelegate.swift */,
				3A1016C61D5417AD006C5E93 /* StatusViewController.swift */,
				3A1016C81D5417AD006C5E93 /* DashboardViewController.swift */,
				3ABA7F5A1D88FB2700D75846 /* modalSettingsView.swift */,
				3A1016CA1D5417AD006C5E93 /* Main.storyboard */,
				3A1016CD1D5417AD006C5E93 /* Assets.xcassets */,
				3A1016CF1D5417AD006C5E93 /* LaunchScreen.storyboard */,
				3A1016D21D5417AD006C5E93 /* Info.plist */,
				3AE7C0AE1D9C0CF1001E92A4 /* adjectives.txt */,
				3AE7C0B01D9C0CF6001E92A4 /* nouns.txt */,
				7D83F8662017172C00E989D1 /* AlertHandling.swift */,
				7D83F86B2017389500E989D1 /* Utility.swift */,
			);
			path = openXCenabler;
			sourceTree = "<group>";
		};
		E75EE6911E110ED400B2AE3B /* openXCenablerTests */ = {
			isa = PBXGroup;
			children = (
				E75EE6921E110ED400B2AE3B /* openXCenablerTests.swift */,
				7D17BF5620105CBB00F176D8 /* CommandViewControllerTest.swift */,
				7D17BF5A20107F5A00F176D8 /* StatusViewControllerTest.swift */,
				E75EE6941E110ED400B2AE3B /* Info.plist */,
			);
			path = openXCenablerTests;
			sourceTree = "<group>";
		};
		E79901BD1E3F5AFD00FB0579 /* Products */ = {
			isa = PBXGroup;
			children = (
				E79901C31E3F5AFD00FB0579 /* openXCiOSFramework.framework */,
				E79901C51E3F5AFD00FB0579 /* openXCiOSFrameworkTests.xctest */,
			);
			name = Products;
			sourceTree = "<group>";
		};
		E7E886661E4B038A0090B55E /* Frameworks */ = {
			isa = PBXGroup;
			children = (
				7DF339E4200F148E00935D96 /* openXCiOSFramework.framework */,
				7D33AE2F2019E71000224782 /* openXCiOSFramework.framework */,
				E7B85B511ECC373500A3E5CB /* ProtocolBuffers.framework */,
			);
			name = Frameworks;
			sourceTree = "<group>";
		};
/* End PBXGroup section */

/* Begin PBXNativeTarget section */
		3A1016C01D5417AD006C5E93 /* openXCenabler */ = {
			isa = PBXNativeTarget;
			buildConfigurationList = 3A1016D51D5417AD006C5E93 /* Build configuration list for PBXNativeTarget "openXCenabler" */;
			buildPhases = (
				3A1016BD1D5417AD006C5E93 /* Sources */,
				3A1016BE1D5417AD006C5E93 /* Frameworks */,
				3A1016BF1D5417AD006C5E93 /* Resources */,
				7DB633ED1F9F247100519A8B /* Embed Frameworks */,
			);
			buildRules = (
			);
			dependencies = (
				7DB633EC1F9F247100519A8B /* PBXTargetDependency */,
			);
			name = openXCenabler;
			productName = openXCenabler;
			productReference = 3A1016C11D5417AD006C5E93 /* openXCenabler.app */;
			productType = "com.apple.product-type.application";
		};
		E75EE68F1E110ED400B2AE3B /* openXCenablerTests */ = {
			isa = PBXNativeTarget;
			buildConfigurationList = E75EE6971E110ED400B2AE3B /* Build configuration list for PBXNativeTarget "openXCenablerTests" */;
			buildPhases = (
				E75EE68C1E110ED400B2AE3B /* Sources */,
				E75EE68D1E110ED400B2AE3B /* Frameworks */,
				E75EE68E1E110ED400B2AE3B /* Resources */,
			);
			buildRules = (
			);
			dependencies = (
				E75EE6961E110ED400B2AE3B /* PBXTargetDependency */,
			);
			name = openXCenablerTests;
			productName = openXCenablerTests;
			productReference = E75EE6901E110ED400B2AE3B /* openXCenablerTests.xctest */;
			productType = "com.apple.product-type.bundle.unit-test";
		};
/* End PBXNativeTarget section */

/* Begin PBXProject section */
		3A1016B91D5417AD006C5E93 /* Project object */ = {
			isa = PBXProject;
			attributes = {
				LastSwiftUpdateCheck = 0730;
				LastUpgradeCheck = 0900;
				ORGANIZATIONNAME = "Ford Motor Company";
				TargetAttributes = {
					3A1016C01D5417AD006C5E93 = {
						CreatedOnToolsVersion = 7.3.1;
						DevelopmentTeam = D95XHVNG2Z;
						LastSwiftMigration = 0820;
						ProvisioningStyle = Manual;
					};
					E75EE68F1E110ED400B2AE3B = {
						CreatedOnToolsVersion = 7.3.1;
						LastSwiftMigration = 0820;
						TestTargetID = 3A1016C01D5417AD006C5E93;
					};
				};
			};
			buildConfigurationList = 3A1016BC1D5417AD006C5E93 /* Build configuration list for PBXProject "openXCenabler" */;
			compatibilityVersion = "Xcode 3.2";
			developmentRegion = English;
			hasScannedForEncodings = 0;
			knownRegions = (
				en,
				Base,
			);
			mainGroup = 3A1016B81D5417AD006C5E93;
			productRefGroup = 3A1016C21D5417AD006C5E93 /* Products */;
			projectDirPath = "";
			projectReferences = (
				{
					ProductGroup = E79901BD1E3F5AFD00FB0579 /* Products */;
					ProjectRef = E79901BC1E3F5AFD00FB0579 /* openxc-ios-framework.xcodeproj */;
				},
			);
			projectRoot = "";
			targets = (
				3A1016C01D5417AD006C5E93 /* openXCenabler */,
				E75EE68F1E110ED400B2AE3B /* openXCenablerTests */,
			);
		};
/* End PBXProject section */

/* Begin PBXReferenceProxy section */
		E79901C31E3F5AFD00FB0579 /* openXCiOSFramework.framework */ = {
			isa = PBXReferenceProxy;
			fileType = wrapper.framework;
			path = openXCiOSFramework.framework;
			remoteRef = E79901C21E3F5AFD00FB0579 /* PBXContainerItemProxy */;
			sourceTree = BUILT_PRODUCTS_DIR;
		};
		E79901C51E3F5AFD00FB0579 /* openXCiOSFrameworkTests.xctest */ = {
			isa = PBXReferenceProxy;
			fileType = wrapper.cfbundle;
			path = openXCiOSFrameworkTests.xctest;
			remoteRef = E79901C41E3F5AFD00FB0579 /* PBXContainerItemProxy */;
			sourceTree = BUILT_PRODUCTS_DIR;
		};
/* End PBXReferenceProxy section */

/* Begin PBXResourcesBuildPhase section */
		3A1016BF1D5417AD006C5E93 /* Resources */ = {
			isa = PBXResourcesBuildPhase;
			buildActionMask = 2147483647;
			files = (
				3A1016D11D5417AD006C5E93 /* LaunchScreen.storyboard in Resources */,
				3A1016CE1D5417AD006C5E93 /* Assets.xcassets in Resources */,
				3AE7C0B11D9C0CF6001E92A4 /* nouns.txt in Resources */,
				3AE7C0AF1D9C0CF1001E92A4 /* adjectives.txt in Resources */,
				3A1016CC1D5417AD006C5E93 /* Main.storyboard in Resources */,
			);
			runOnlyForDeploymentPostprocessing = 0;
		};
		E75EE68E1E110ED400B2AE3B /* Resources */ = {
			isa = PBXResourcesBuildPhase;
			buildActionMask = 2147483647;
			files = (
			);
			runOnlyForDeploymentPostprocessing = 0;
		};
/* End PBXResourcesBuildPhase section */

/* Begin PBXSourcesBuildPhase section */
		3A1016BD1D5417AD006C5E93 /* Sources */ = {
			isa = PBXSourcesBuildPhase;
			buildActionMask = 2147483647;
			files = (
				3AE834461D5ED054003FD370 /* DiagViewController.swift in Sources */,
				7D83F86C2017389500E989D1 /* Utility.swift in Sources */,
				3AE834451D5ED054003FD370 /* SendCanViewController.swift in Sources */,
				3A1016C91D5417AD006C5E93 /* DashboardViewController.swift in Sources */,
				3ABA7F5B1D88FB2700D75846 /* modalSettingsView.swift in Sources */,
				3AE834471D5ED054003FD370 /* CanViewController.swift in Sources */,
				3A1016C51D5417AD006C5E93 /* AppDelegate.swift in Sources */,
				3A1016C71D5417AD006C5E93 /* StatusViewController.swift in Sources */,
				7D37A6B6201EF4B200734F55 /* CommandsViewController.swift in Sources */,
				7D83F8672017172C00E989D1 /* AlertHandling.swift in Sources */,
			);
			runOnlyForDeploymentPostprocessing = 0;
		};
		E75EE68C1E110ED400B2AE3B /* Sources */ = {
			isa = PBXSourcesBuildPhase;
			buildActionMask = 2147483647;
			files = (
				7D17BF5B20107F5A00F176D8 /* StatusViewControllerTest.swift in Sources */,
				7D17BF5720105CBB00F176D8 /* CommandViewControllerTest.swift in Sources */,
				E79380711EB20201000EF3FF /* CommandsViewController.swift in Sources */,
				E75EE6931E110ED400B2AE3B /* openXCenablerTests.swift in Sources */,
			);
			runOnlyForDeploymentPostprocessing = 0;
		};
/* End PBXSourcesBuildPhase section */

/* Begin PBXTargetDependency section */
		7DB633EC1F9F247100519A8B /* PBXTargetDependency */ = {
			isa = PBXTargetDependency;
			name = "openxc-ios-framework";
			targetProxy = 7DB633EB1F9F247100519A8B /* PBXContainerItemProxy */;
		};
		E75EE6961E110ED400B2AE3B /* PBXTargetDependency */ = {
			isa = PBXTargetDependency;
			target = 3A1016C01D5417AD006C5E93 /* openXCenabler */;
			targetProxy = E75EE6951E110ED400B2AE3B /* PBXContainerItemProxy */;
		};
/* End PBXTargetDependency section */

/* Begin PBXVariantGroup section */
		3A1016CA1D5417AD006C5E93 /* Main.storyboard */ = {
			isa = PBXVariantGroup;
			children = (
				3A1016CB1D5417AD006C5E93 /* Base */,
			);
			name = Main.storyboard;
			sourceTree = "<group>";
		};
		3A1016CF1D5417AD006C5E93 /* LaunchScreen.storyboard */ = {
			isa = PBXVariantGroup;
			children = (
				3A1016D01D5417AD006C5E93 /* Base */,
			);
			name = LaunchScreen.storyboard;
			sourceTree = "<group>";
		};
/* End PBXVariantGroup section */

/* Begin XCBuildConfiguration section */
		3A1016D31D5417AD006C5E93 /* Debug */ = {
			isa = XCBuildConfiguration;
			buildSettings = {
				ALWAYS_SEARCH_USER_PATHS = NO;
				CLANG_ANALYZER_NONNULL = YES;
				CLANG_CXX_LANGUAGE_STANDARD = "gnu++0x";
				CLANG_CXX_LIBRARY = "libc++";
				CLANG_ENABLE_MODULES = YES;
				CLANG_ENABLE_OBJC_ARC = YES;
				CLANG_WARN_BLOCK_CAPTURE_AUTORELEASING = YES;
				CLANG_WARN_BOOL_CONVERSION = YES;
				CLANG_WARN_COMMA = YES;
				CLANG_WARN_CONSTANT_CONVERSION = YES;
				CLANG_WARN_DIRECT_OBJC_ISA_USAGE = YES_ERROR;
				CLANG_WARN_EMPTY_BODY = YES;
				CLANG_WARN_ENUM_CONVERSION = YES;
				CLANG_WARN_INFINITE_RECURSION = YES;
				CLANG_WARN_INT_CONVERSION = YES;
				CLANG_WARN_NON_LITERAL_NULL_CONVERSION = YES;
				CLANG_WARN_OBJC_LITERAL_CONVERSION = YES;
				CLANG_WARN_OBJC_ROOT_CLASS = YES_ERROR;
				CLANG_WARN_RANGE_LOOP_ANALYSIS = YES;
				CLANG_WARN_STRICT_PROTOTYPES = YES;
				CLANG_WARN_SUSPICIOUS_MOVE = YES;
				CLANG_WARN_UNREACHABLE_CODE = YES;
				CLANG_WARN__DUPLICATE_METHOD_MATCH = YES;
				"CODE_SIGN_IDENTITY[sdk=iphoneos*]" = "iPhone Developer";
				COPY_PHASE_STRIP = NO;
				DEBUG_INFORMATION_FORMAT = dwarf;
				ENABLE_STRICT_OBJC_MSGSEND = YES;
				ENABLE_TESTABILITY = YES;
				GCC_C_LANGUAGE_STANDARD = gnu99;
				GCC_DYNAMIC_NO_PIC = NO;
				GCC_NO_COMMON_BLOCKS = YES;
				GCC_OPTIMIZATION_LEVEL = 0;
				GCC_PREPROCESSOR_DEFINITIONS = (
					"DEBUG=1",
					"$(inherited)",
				);
				GCC_WARN_64_TO_32_BIT_CONVERSION = YES;
				GCC_WARN_ABOUT_RETURN_TYPE = YES_ERROR;
				GCC_WARN_UNDECLARED_SELECTOR = YES;
				GCC_WARN_UNINITIALIZED_AUTOS = YES_AGGRESSIVE;
				GCC_WARN_UNUSED_FUNCTION = YES;
				GCC_WARN_UNUSED_VARIABLE = YES;
				IPHONEOS_DEPLOYMENT_TARGET = 9.3;
				MTL_ENABLE_DEBUG_INFO = YES;
				ONLY_ACTIVE_ARCH = YES;
				SDKROOT = iphoneos;
				SWIFT_OPTIMIZATION_LEVEL = "-Onone";
			};
			name = Debug;
		};
		3A1016D41D5417AD006C5E93 /* Release */ = {
			isa = XCBuildConfiguration;
			buildSettings = {
				ALWAYS_SEARCH_USER_PATHS = NO;
				CLANG_ANALYZER_NONNULL = YES;
				CLANG_CXX_LANGUAGE_STANDARD = "gnu++0x";
				CLANG_CXX_LIBRARY = "libc++";
				CLANG_ENABLE_MODULES = YES;
				CLANG_ENABLE_OBJC_ARC = YES;
				CLANG_WARN_BLOCK_CAPTURE_AUTORELEASING = YES;
				CLANG_WARN_BOOL_CONVERSION = YES;
				CLANG_WARN_COMMA = YES;
				CLANG_WARN_CONSTANT_CONVERSION = YES;
				CLANG_WARN_DIRECT_OBJC_ISA_USAGE = YES_ERROR;
				CLANG_WARN_EMPTY_BODY = YES;
				CLANG_WARN_ENUM_CONVERSION = YES;
				CLANG_WARN_INFINITE_RECURSION = YES;
				CLANG_WARN_INT_CONVERSION = YES;
				CLANG_WARN_NON_LITERAL_NULL_CONVERSION = YES;
				CLANG_WARN_OBJC_LITERAL_CONVERSION = YES;
				CLANG_WARN_OBJC_ROOT_CLASS = YES_ERROR;
				CLANG_WARN_RANGE_LOOP_ANALYSIS = YES;
				CLANG_WARN_STRICT_PROTOTYPES = YES;
				CLANG_WARN_SUSPICIOUS_MOVE = YES;
				CLANG_WARN_UNREACHABLE_CODE = YES;
				CLANG_WARN__DUPLICATE_METHOD_MATCH = YES;
				"CODE_SIGN_IDENTITY[sdk=iphoneos*]" = "iPhone Developer";
				COPY_PHASE_STRIP = NO;
				DEBUG_INFORMATION_FORMAT = "dwarf-with-dsym";
				ENABLE_NS_ASSERTIONS = NO;
				ENABLE_STRICT_OBJC_MSGSEND = YES;
				GCC_C_LANGUAGE_STANDARD = gnu99;
				GCC_NO_COMMON_BLOCKS = YES;
				GCC_WARN_64_TO_32_BIT_CONVERSION = YES;
				GCC_WARN_ABOUT_RETURN_TYPE = YES_ERROR;
				GCC_WARN_UNDECLARED_SELECTOR = YES;
				GCC_WARN_UNINITIALIZED_AUTOS = YES_AGGRESSIVE;
				GCC_WARN_UNUSED_FUNCTION = YES;
				GCC_WARN_UNUSED_VARIABLE = YES;
				IPHONEOS_DEPLOYMENT_TARGET = 9.3;
				MTL_ENABLE_DEBUG_INFO = NO;
				SDKROOT = iphoneos;
				SWIFT_OPTIMIZATION_LEVEL = "-Owholemodule";
				VALIDATE_PRODUCT = YES;
			};
			name = Release;
		};
		3A1016D61D5417AD006C5E93 /* Debug */ = {
			isa = XCBuildConfiguration;
			buildSettings = {
				ALWAYS_EMBED_SWIFT_STANDARD_LIBRARIES = YES;
				ASSETCATALOG_COMPILER_APPICON_NAME = AppIcon;
				CODE_SIGN_IDENTITY = "iPhone Developer";
				"CODE_SIGN_IDENTITY[sdk=iphoneos*]" = "iPhone Developer";
				CODE_SIGN_STYLE = Manual;
				DEVELOPMENT_TEAM = D95XHVNG2Z;
				FRAMEWORK_SEARCH_PATHS = "$(PROJECT_DIR)";
				INFOPLIST_FILE = openXCenabler/Info.plist;
				IPHONEOS_DEPLOYMENT_TARGET = 9.0;
				LD_RUNPATH_SEARCH_PATHS = "$(inherited) @executable_path/Frameworks";
				PRODUCT_BUNDLE_IDENTIFIER = com.ford.openxc;
				PRODUCT_NAME = "$(TARGET_NAME)";
				PROVISIONING_PROFILE = "6ddae70a-eda6-45cf-932a-7a07ba10e466";
				PROVISIONING_PROFILE_SPECIFIER = "OpenXC Dev profile";
				SWIFT_VERSION = 3.0;
			};
			name = Debug;
		};
		3A1016D71D5417AD006C5E93 /* Release */ = {
			isa = XCBuildConfiguration;
			buildSettings = {
				ALWAYS_EMBED_SWIFT_STANDARD_LIBRARIES = YES;
				ASSETCATALOG_COMPILER_APPICON_NAME = AppIcon;
				CODE_SIGN_IDENTITY = "iPhone Developer";
				"CODE_SIGN_IDENTITY[sdk=iphoneos*]" = "iPhone Developer";
				CODE_SIGN_STYLE = Manual;
				DEVELOPMENT_TEAM = D95XHVNG2Z;
				FRAMEWORK_SEARCH_PATHS = "$(PROJECT_DIR)";
				INFOPLIST_FILE = openXCenabler/Info.plist;
				IPHONEOS_DEPLOYMENT_TARGET = 9.0;
				LD_RUNPATH_SEARCH_PATHS = "$(inherited) @executable_path/Frameworks";
				PRODUCT_BUNDLE_IDENTIFIER = com.ford.openxc;
				PRODUCT_NAME = "$(TARGET_NAME)";
				PROVISIONING_PROFILE = "6ddae70a-eda6-45cf-932a-7a07ba10e466";
				PROVISIONING_PROFILE_SPECIFIER = "OpenXC Dev profile";
				SWIFT_VERSION = 3.0;
			};
			name = Release;
		};
		E75EE6981E110ED400B2AE3B /* Debug */ = {
			isa = XCBuildConfiguration;
			buildSettings = {
				BUNDLE_LOADER = "$(TEST_HOST)";
				FRAMEWORK_SEARCH_PATHS = (
					"$(inherited)",
					"$(PROJECT_DIR)",
				);
				INFOPLIST_FILE = openXCenablerTests/Info.plist;
				LD_RUNPATH_SEARCH_PATHS = "$(inherited) @executable_path/Frameworks @loader_path/Frameworks";
				PRODUCT_BUNDLE_IDENTIFIER = com.ford.openXCenablerTests;
				PRODUCT_NAME = "$(TARGET_NAME)";
				SWIFT_VERSION = 3.0;
				TEST_HOST = "$(BUILT_PRODUCTS_DIR)/openXCenabler.app/openXCenabler";
			};
			name = Debug;
		};
		E75EE6991E110ED400B2AE3B /* Release */ = {
			isa = XCBuildConfiguration;
			buildSettings = {
				BUNDLE_LOADER = "$(TEST_HOST)";
				FRAMEWORK_SEARCH_PATHS = (
					"$(inherited)",
					"$(PROJECT_DIR)",
				);
				INFOPLIST_FILE = openXCenablerTests/Info.plist;
				LD_RUNPATH_SEARCH_PATHS = "$(inherited) @executable_path/Frameworks @loader_path/Frameworks";
				PRODUCT_BUNDLE_IDENTIFIER = com.ford.openXCenablerTests;
				PRODUCT_NAME = "$(TARGET_NAME)";
				SWIFT_VERSION = 3.0;
				TEST_HOST = "$(BUILT_PRODUCTS_DIR)/openXCenabler.app/openXCenabler";
			};
			name = Release;
		};
/* End XCBuildConfiguration section */

/* Begin XCConfigurationList section */
		3A1016BC1D5417AD006C5E93 /* Build configuration list for PBXProject "openXCenabler" */ = {
			isa = XCConfigurationList;
			buildConfigurations = (
				3A1016D31D5417AD006C5E93 /* Debug */,
				3A1016D41D5417AD006C5E93 /* Release */,
			);
			defaultConfigurationIsVisible = 0;
			defaultConfigurationName = Release;
		};
		3A1016D51D5417AD006C5E93 /* Build configuration list for PBXNativeTarget "openXCenabler" */ = {
			isa = XCConfigurationList;
			buildConfigurations = (
				3A1016D61D5417AD006C5E93 /* Debug */,
				3A1016D71D5417AD006C5E93 /* Release */,
			);
			defaultConfigurationIsVisible = 0;
			defaultConfigurationName = Release;
		};
		E75EE6971E110ED400B2AE3B /* Build configuration list for PBXNativeTarget "openXCenablerTests" */ = {
			isa = XCConfigurationList;
			buildConfigurations = (
				E75EE6981E110ED400B2AE3B /* Debug */,
				E75EE6991E110ED400B2AE3B /* Release */,
			);
			defaultConfigurationIsVisible = 0;
			defaultConfigurationName = Release;
		};
/* End XCConfigurationList section */
	};
	rootObject = 3A1016B91D5417AD006C5E93 /* Project object */;
}
